{
  "name": "vortez-io-protocol",
  "version": "1.0.0",
  "lockfileVersion": 3,
  "requires": true,
  "packages": {
    "": {
      "name": "vortez-io-protocol",
      "version": "1.0.0",
      "license": "ISC",
      "dependencies": {
        "@netfeez/common": "^3.1.1"
      }
    },
    "node_modules/@netfeez/common": {
      "version": "3.1.1",
      "resolved": "https://registry.npmjs.org/@netfeez/common/-/common-3.1.1.tgz",
      "integrity": "sha512-gMX0iDoIHy9+L5bmCR3GhOk5aginGS7z5y90qCjkjypwBxzD+FP4fQzqnSjCpBhPU91Xs0QYLnEPQJwFUBBXrQ==",
      "license": "Apache-2.0"
    }
  }
}
