{
  "name": "vortez-io",
  "version": "2.0.0",
  "lockfileVersion": 3,
  "requires": true,
  "packages": {
    "": {
      "name": "vortez-io",
      "version": "2.0.0",
      "license": "Apache-2.0",
      "dependencies": {
        "@netfeez/common": "^3.2.1"
      }
    },
    "node_modules/@netfeez/common": {
      "version": "3.2.1",
      "resolved": "https://registry.npmjs.org/@netfeez/common/-/common-3.2.1.tgz",
      "integrity": "sha512-75P+bdyNX4HFYbEBFrmgiPs4IwDsg6jD7M/GtTS6NFtkAJ4atXYWBUthq4WWJrYY9gD6XxCHjJwfu1ZXqmD0Ug==",
      "license": "Apache-2.0"
    }
  }
}
